// !$*UTF8*$!
{
	archiveVersion = 1;
	classes = {
	};
	objectVersion = 46;
	objects = {

/* Begin PBXBuildFile section */
		6C10D64318DA69A4B717406B /* Pods_recognize.framework in Frameworks */ = {isa = PBXBuildFile; fileRef = A8588A224DFF4D8FFD677D83 /* Pods_recognize.framework */; };
		7E0671B41D93853400DF1D58 /* iconModel.m in Sources */ = {isa = PBXBuildFile; fileRef = 7E0671B31D93853400DF1D58 /* iconModel.m */; };
		7E0671B71D93872800DF1D58 /* imageModel.m in Sources */ = {isa = PBXBuildFile; fileRef = 7E0671B61D93872800DF1D58 /* imageModel.m */; };
		7E6FB2B21D93989800EB50B3 /* OYEAppClient.m in Sources */ = {isa = PBXBuildFile; fileRef = 7E6FB2B11D93989800EB50B3 /* OYEAppClient.m */; };
		7E6FB2B51D9398FB00EB50B3 /* OYEHTTPSession.m in Sources */ = {isa = PBXBuildFile; fileRef = 7E6FB2B41D9398FB00EB50B3 /* OYEHTTPSession.m */; };
		7E6FB2B91D93A03800EB50B3 /* UploadParam.m in Sources */ = {isa = PBXBuildFile; fileRef = 7E6FB2B81D93A03800EB50B3 /* UploadParam.m */; };
		7E6FB2BC1D93A33600EB50B3 /* OYEHttpRequest.m in Sources */ = {isa = PBXBuildFile; fileRef = 7E6FB2BB1D93A33600EB50B3 /* OYEHttpRequest.m */; };
		7E6FB2BF1D93B97E00EB50B3 /* OYEUploadParam.m in Sources */ = {isa = PBXBuildFile; fileRef = 7E6FB2BE1D93B97E00EB50B3 /* OYEUploadParam.m */; };
		7E718BEA1D9381B400CA1A46 /* Info.plist in Resources */ = {isa = PBXBuildFile; fileRef = 7E718BD41D9381B400CA1A46 /* Info.plist */; };
		7E718BEB1D9381B400CA1A46 /* MJExtensionConst.m in Sources */ = {isa = PBXBuildFile; fileRef = 7E718BD71D9381B400CA1A46 /* MJExtensionConst.m */; };
		7E718BEC1D9381B400CA1A46 /* MJFoundation.m in Sources */ = {isa = PBXBuildFile; fileRef = 7E718BD91D9381B400CA1A46 /* MJFoundation.m */; };
		7E718BED1D9381B400CA1A46 /* MJProperty.m in Sources */ = {isa = PBXBuildFile; fileRef = 7E718BDB1D9381B400CA1A46 /* MJProperty.m */; };
		7E718BEE1D9381B400CA1A46 /* MJPropertyKey.m in Sources */ = {isa = PBXBuildFile; fileRef = 7E718BDD1D9381B400CA1A46 /* MJPropertyKey.m */; };
		7E718BEF1D9381B400CA1A46 /* MJPropertyType.m in Sources */ = {isa = PBXBuildFile; fileRef = 7E718BDF1D9381B400CA1A46 /* MJPropertyType.m */; };
		7E718BF01D9381B400CA1A46 /* NSObject+MJClass.m in Sources */ = {isa = PBXBuildFile; fileRef = 7E718BE11D9381B400CA1A46 /* NSObject+MJClass.m */; };
		7E718BF11D9381B400CA1A46 /* NSObject+MJCoding.m in Sources */ = {isa = PBXBuildFile; fileRef = 7E718BE31D9381B400CA1A46 /* NSObject+MJCoding.m */; };
		7E718BF21D9381B400CA1A46 /* NSObject+MJKeyValue.m in Sources */ = {isa = PBXBuildFile; fileRef = 7E718BE51D9381B400CA1A46 /* NSObject+MJKeyValue.m */; };
		7E718BF31D9381B400CA1A46 /* NSObject+MJProperty.m in Sources */ = {isa = PBXBuildFile; fileRef = 7E718BE71D9381B400CA1A46 /* NSObject+MJProperty.m */; };
		7E718BF41D9381B400CA1A46 /* NSString+MJExtension.m in Sources */ = {isa = PBXBuildFile; fileRef = 7E718BE91D9381B400CA1A46 /* NSString+MJExtension.m */; };
		7EF6B91D1D928AAD0030BCE1 /* main.m in Sources */ = {isa = PBXBuildFile; fileRef = 7EF6B91C1D928AAD0030BCE1 /* main.m */; };
		7EF6B9201D928AAD0030BCE1 /* AppDelegate.m in Sources */ = {isa = PBXBuildFile; fileRef = 7EF6B91F1D928AAD0030BCE1 /* AppDelegate.m */; };
		7EF6B9231D928AAD0030BCE1 /* ViewController.m in Sources */ = {isa = PBXBuildFile; fileRef = 7EF6B9221D928AAD0030BCE1 /* ViewController.m */; };
		7EF6B9261D928AAD0030BCE1 /* Main.storyboard in Resources */ = {isa = PBXBuildFile; fileRef = 7EF6B9241D928AAD0030BCE1 /* Main.storyboard */; };
		7EF6B9281D928AAD0030BCE1 /* Assets.xcassets in Resources */ = {isa = PBXBuildFile; fileRef = 7EF6B9271D928AAD0030BCE1 /* Assets.xcassets */; };
		7EF6B92B1D928AAD0030BCE1 /* LaunchScreen.storyboard in Resources */ = {isa = PBXBuildFile; fileRef = 7EF6B9291D928AAD0030BCE1 /* LaunchScreen.storyboard */; };
		7EF6B9361D928AAD0030BCE1 /* recognizeTests.m in Sources */ = {isa = PBXBuildFile; fileRef = 7EF6B9351D928AAD0030BCE1 /* recognizeTests.m */; };
		7EF6B9411D928AAD0030BCE1 /* recognizeUITests.m in Sources */ = {isa = PBXBuildFile; fileRef = 7EF6B9401D928AAD0030BCE1 /* recognizeUITests.m */; };
/* End PBXBuildFile section */

/* Begin PBXContainerItemProxy section */
		7EF6B9321D928AAD0030BCE1 /* PBXContainerItemProxy */ = {
			isa = PBXContainerItemProxy;
			containerPortal = 7EF6B9101D928AAD0030BCE1 /* Project object */;
			proxyType = 1;
			remoteGlobalIDString = 7EF6B9171D928AAD0030BCE1;
			remoteInfo = recognize;
		};
		7EF6B93D1D928AAD0030BCE1 /* PBXContainerItemProxy */ = {
			isa = PBXContainerItemProxy;
			containerPortal = 7EF6B9101D928AAD0030BCE1 /* Project object */;
			proxyType = 1;
			remoteGlobalIDString = 7EF6B9171D928AAD0030BCE1;
			remoteInfo = recognize;
		};
/* End PBXContainerItemProxy section */

/* Begin PBXFileReference section */
		43727A87BE75E2EC0C1552E0 /* Pods-recognize.debug.xcconfig */ = {isa = PBXFileReference; includeInIndex = 1; lastKnownFileType = text.xcconfig; name = "Pods-recognize.debug.xcconfig"; path = "Pods/Target Support Files/Pods-recognize/Pods-recognize.debug.xcconfig"; sourceTree = "<group>"; };
		7E0671B21D93853400DF1D58 /* iconModel.h */ = {isa = PBXFileReference; fileEncoding = 4; lastKnownFileType = sourcecode.c.h; path = iconModel.h; sourceTree = "<group>"; };
		7E0671B31D93853400DF1D58 /* iconModel.m */ = {isa = PBXFileReference; fileEncoding = 4; lastKnownFileType = sourcecode.c.objc; path = iconModel.m; sourceTree = "<group>"; };
		7E0671B51D93872800DF1D58 /* imageModel.h */ = {isa = PBXFileReference; fileEncoding = 4; lastKnownFileType = sourcecode.c.h; path = imageModel.h; sourceTree = "<group>"; };
		7E0671B61D93872800DF1D58 /* imageModel.m */ = {isa = PBXFileReference; fileEncoding = 4; lastKnownFileType = sourcecode.c.objc; path = imageModel.m; sourceTree = "<group>"; };
		7E6FB2B01D93989800EB50B3 /* OYEAppClient.h */ = {isa = PBXFileReference; fileEncoding = 4; lastKnownFileType = sourcecode.c.h; path = OYEAppClient.h; sourceTree = "<group>"; };
		7E6FB2B11D93989800EB50B3 /* OYEAppClient.m */ = {isa = PBXFileReference; fileEncoding = 4; lastKnownFileType = sourcecode.c.objc; path = OYEAppClient.m; sourceTree = "<group>"; };
		7E6FB2B31D9398FB00EB50B3 /* OYEHTTPSession.h */ = {isa = PBXFileReference; fileEncoding = 4; lastKnownFileType = sourcecode.c.h; path = OYEHTTPSession.h; sourceTree = "<group>"; };
		7E6FB2B41D9398FB00EB50B3 /* OYEHTTPSession.m */ = {isa = PBXFileReference; fileEncoding = 4; lastKnownFileType = sourcecode.c.objc; path = OYEHTTPSession.m; sourceTree = "<group>"; };
		7E6FB2B71D93A03800EB50B3 /* UploadParam.h */ = {isa = PBXFileReference; fileEncoding = 4; lastKnownFileType = sourcecode.c.h; path = UploadParam.h; sourceTree = "<group>"; };
		7E6FB2B81D93A03800EB50B3 /* UploadParam.m */ = {isa = PBXFileReference; fileEncoding = 4; lastKnownFileType = sourcecode.c.objc; path = UploadParam.m; sourceTree = "<group>"; };
		7E6FB2BA1D93A33600EB50B3 /* OYEHttpRequest.h */ = {isa = PBXFileReference; fileEncoding = 4; lastKnownFileType = sourcecode.c.h; path = OYEHttpRequest.h; sourceTree = "<group>"; };
		7E6FB2BB1D93A33600EB50B3 /* OYEHttpRequest.m */ = {isa = PBXFileReference; fileEncoding = 4; lastKnownFileType = sourcecode.c.objc; path = OYEHttpRequest.m; sourceTree = "<group>"; };
		7E6FB2BD1D93B97E00EB50B3 /* OYEUploadParam.h */ = {isa = PBXFileReference; fileEncoding = 4; lastKnownFileType = sourcecode.c.h; path = OYEUploadParam.h; sourceTree = "<group>"; };
		7E6FB2BE1D93B97E00EB50B3 /* OYEUploadParam.m */ = {isa = PBXFileReference; fileEncoding = 4; lastKnownFileType = sourcecode.c.objc; path = OYEUploadParam.m; sourceTree = "<group>"; };
		7E718BD41D9381B400CA1A46 /* Info.plist */ = {isa = PBXFileReference; fileEncoding = 4; lastKnownFileType = text.plist.xml; path = Info.plist; sourceTree = "<group>"; };
		7E718BD51D9381B400CA1A46 /* MJExtension.h */ = {isa = PBXFileReference; fileEncoding = 4; lastKnownFileType = sourcecode.c.h; path = MJExtension.h; sourceTree = "<group>"; };
		7E718BD61D9381B400CA1A46 /* MJExtensionConst.h */ = {isa = PBXFileReference; fileEncoding = 4; lastKnownFileType = sourcecode.c.h; path = MJExtensionConst.h; sourceTree = "<group>"; };
		7E718BD71D9381B400CA1A46 /* MJExtensionConst.m */ = {isa = PBXFileReference; fileEncoding = 4; lastKnownFileType = sourcecode.c.objc; path = MJExtensionConst.m; sourceTree = "<group>"; };
		7E718BD81D9381B400CA1A46 /* MJFoundation.h */ = {isa = PBXFileReference; fileEncoding = 4; lastKnownFileType = sourcecode.c.h; path = MJFoundation.h; sourceTree = "<group>"; };
		7E718BD91D9381B400CA1A46 /* MJFoundation.m */ = {isa = PBXFileReference; fileEncoding = 4; lastKnownFileType = sourcecode.c.objc; path = MJFoundation.m; sourceTree = "<group>"; };
		7E718BDA1D9381B400CA1A46 /* MJProperty.h */ = {isa = PBXFileReference; fileEncoding = 4; lastKnownFileType = sourcecode.c.h; path = MJProperty.h; sourceTree = "<group>"; };
		7E718BDB1D9381B400CA1A46 /* MJProperty.m */ = {isa = PBXFileReference; fileEncoding = 4; lastKnownFileType = sourcecode.c.objc; path = MJProperty.m; sourceTree = "<group>"; };
		7E718BDC1D9381B400CA1A46 /* MJPropertyKey.h */ = {isa = PBXFileReference; fileEncoding = 4; lastKnownFileType = sourcecode.c.h; path = MJPropertyKey.h; sourceTree = "<group>"; };
		7E718BDD1D9381B400CA1A46 /* MJPropertyKey.m */ = {isa = PBXFileReference; fileEncoding = 4; lastKnownFileType = sourcecode.c.objc; path = MJPropertyKey.m; sourceTree = "<group>"; };
		7E718BDE1D9381B400CA1A46 /* MJPropertyType.h */ = {isa = PBXFileReference; fileEncoding = 4; lastKnownFileType = sourcecode.c.h; path = MJPropertyType.h; sourceTree = "<group>"; };
		7E718BDF1D9381B400CA1A46 /* MJPropertyType.m */ = {isa = PBXFileReference; fileEncoding = 4; lastKnownFileType = sourcecode.c.objc; path = MJPropertyType.m; sourceTree = "<group>"; };
		7E718BE01D9381B400CA1A46 /* NSObject+MJClass.h */ = {isa = PBXFileReference; fileEncoding = 4; lastKnownFileType = sourcecode.c.h; path = "NSObject+MJClass.h"; sourceTree = "<group>"; };
		7E718BE11D9381B400CA1A46 /* NSObject+MJClass.m */ = {isa = PBXFileReference; fileEncoding = 4; lastKnownFileType = sourcecode.c.objc; path = "NSObject+MJClass.m"; sourceTree = "<group>"; };
		7E718BE21D9381B400CA1A46 /* NSObject+MJCoding.h */ = {isa = PBXFileReference; fileEncoding = 4; lastKnownFileType = sourcecode.c.h; path = "NSObject+MJCoding.h"; sourceTree = "<group>"; };
		7E718BE31D9381B400CA1A46 /* NSObject+MJCoding.m */ = {isa = PBXFileReference; fileEncoding = 4; lastKnownFileType = sourcecode.c.objc; path = "NSObject+MJCoding.m"; sourceTree = "<group>"; };
		7E718BE41D9381B400CA1A46 /* NSObject+MJKeyValue.h */ = {isa = PBXFileReference; fileEncoding = 4; lastKnownFileType = sourcecode.c.h; path = "NSObject+MJKeyValue.h"; sourceTree = "<group>"; };
		7E718BE51D9381B400CA1A46 /* NSObject+MJKeyValue.m */ = {isa = PBXFileReference; fileEncoding = 4; lastKnownFileType = sourcecode.c.objc; path = "NSObject+MJKeyValue.m"; sourceTree = "<group>"; };
		7E718BE61D9381B400CA1A46 /* NSObject+MJProperty.h */ = {isa = PBXFileReference; fileEncoding = 4; lastKnownFileType = sourcecode.c.h; path = "NSObject+MJProperty.h"; sourceTree = "<group>"; };
		7E718BE71D9381B400CA1A46 /* NSObject+MJProperty.m */ = {isa = PBXFileReference; fileEncoding = 4; lastKnownFileType = sourcecode.c.objc; path = "NSObject+MJProperty.m"; sourceTree = "<group>"; };
		7E718BE81D9381B400CA1A46 /* NSString+MJExtension.h */ = {isa = PBXFileReference; fileEncoding = 4; lastKnownFileType = sourcecode.c.h; path = "NSString+MJExtension.h"; sourceTree = "<group>"; };
		7E718BE91D9381B400CA1A46 /* NSString+MJExtension.m */ = {isa = PBXFileReference; fileEncoding = 4; lastKnownFileType = sourcecode.c.objc; path = "NSString+MJExtension.m"; sourceTree = "<group>"; };
		7EF6B9181D928AAD0030BCE1 /* recognize.app */ = {isa = PBXFileReference; explicitFileType = wrapper.application; includeInIndex = 0; path = recognize.app; sourceTree = BUILT_PRODUCTS_DIR; };
		7EF6B91C1D928AAD0030BCE1 /* main.m */ = {isa = PBXFileReference; lastKnownFileType = sourcecode.c.objc; path = main.m; sourceTree = "<group>"; };
		7EF6B91E1D928AAD0030BCE1 /* AppDelegate.h */ = {isa = PBXFileReference; lastKnownFileType = sourcecode.c.h; path = AppDelegate.h; sourceTree = "<group>"; };
		7EF6B91F1D928AAD0030BCE1 /* AppDelegate.m */ = {isa = PBXFileReference; lastKnownFileType = sourcecode.c.objc; path = AppDelegate.m; sourceTree = "<group>"; };
		7EF6B9211D928AAD0030BCE1 /* ViewController.h */ = {isa = PBXFileReference; lastKnownFileType = sourcecode.c.h; path = ViewController.h; sourceTree = "<group>"; };
		7EF6B9221D928AAD0030BCE1 /* ViewController.m */ = {isa = PBXFileReference; lastKnownFileType = sourcecode.c.objc; path = ViewController.m; sourceTree = "<group>"; };
		7EF6B9251D928AAD0030BCE1 /* Base */ = {isa = PBXFileReference; lastKnownFileType = file.storyboard; name = Base; path = Base.lproj/Main.storyboard; sourceTree = "<group>"; };
		7EF6B9271D928AAD0030BCE1 /* Assets.xcassets */ = {isa = PBXFileReference; lastKnownFileType = folder.assetcatalog; path = Assets.xcassets; sourceTree = "<group>"; };
		7EF6B92A1D928AAD0030BCE1 /* Base */ = {isa = PBXFileReference; lastKnownFileType = file.storyboard; name = Base; path = Base.lproj/LaunchScreen.storyboard; sourceTree = "<group>"; };
		7EF6B92C1D928AAD0030BCE1 /* Info.plist */ = {isa = PBXFileReference; lastKnownFileType = text.plist.xml; path = Info.plist; sourceTree = "<group>"; };
		7EF6B9311D928AAD0030BCE1 /* recognizeTests.xctest */ = {isa = PBXFileReference; explicitFileType = wrapper.cfbundle; includeInIndex = 0; path = recognizeTests.xctest; sourceTree = BUILT_PRODUCTS_DIR; };
		7EF6B9351D928AAD0030BCE1 /* recognizeTests.m */ = {isa = PBXFileReference; lastKnownFileType = sourcecode.c.objc; path = recognizeTests.m; sourceTree = "<group>"; };
		7EF6B9371D928AAD0030BCE1 /* Info.plist */ = {isa = PBXFileReference; lastKnownFileType = text.plist.xml; path = Info.plist; sourceTree = "<group>"; };
		7EF6B93C1D928AAD0030BCE1 /* recognizeUITests.xctest */ = {isa = PBXFileReference; explicitFileType = wrapper.cfbundle; includeInIndex = 0; path = recognizeUITests.xctest; sourceTree = BUILT_PRODUCTS_DIR; };
		7EF6B9401D928AAD0030BCE1 /* recognizeUITests.m */ = {isa = PBXFileReference; lastKnownFileType = sourcecode.c.objc; path = recognizeUITests.m; sourceTree = "<group>"; };
		7EF6B9421D928AAD0030BCE1 /* Info.plist */ = {isa = PBXFileReference; lastKnownFileType = text.plist.xml; path = Info.plist; sourceTree = "<group>"; };
		A8588A224DFF4D8FFD677D83 /* Pods_recognize.framework */ = {isa = PBXFileReference; explicitFileType = wrapper.framework; includeInIndex = 0; path = Pods_recognize.framework; sourceTree = BUILT_PRODUCTS_DIR; };
		D9D49FB4DC8A370CC0DDD4DD /* Pods-recognize.release.xcconfig */ = {isa = PBXFileReference; includeInIndex = 1; lastKnownFileType = text.xcconfig; name = "Pods-recognize.release.xcconfig"; path = "Pods/Target Support Files/Pods-recognize/Pods-recognize.release.xcconfig"; sourceTree = "<group>"; };
/* End PBXFileReference section */

/* Begin PBXFrameworksBuildPhase section */
		7EF6B9151D928AAD0030BCE1 /* Frameworks */ = {
			isa = PBXFrameworksBuildPhase;
			buildActionMask = 2147483647;
			files = (
				6C10D64318DA69A4B717406B /* Pods_recognize.framework in Frameworks */,
			);
			runOnlyForDeploymentPostprocessing = 0;
		};
		7EF6B92E1D928AAD0030BCE1 /* Frameworks */ = {
			isa = PBXFrameworksBuildPhase;
			buildActionMask = 2147483647;
			files = (
			);
			runOnlyForDeploymentPostprocessing = 0;
		};
		7EF6B9391D928AAD0030BCE1 /* Frameworks */ = {
			isa = PBXFrameworksBuildPhase;
			buildActionMask = 2147483647;
			files = (
			);
			runOnlyForDeploymentPostprocessing = 0;
		};
/* End PBXFrameworksBuildPhase section */

/* Begin PBXGroup section */
		00711CBFD1CEBF7B2F7D3F75 /* Frameworks */ = {
			isa = PBXGroup;
			children = (
				A8588A224DFF4D8FFD677D83 /* Pods_recognize.framework */,
			);
			name = Frameworks;
			sourceTree = "<group>";
		};
		7E6FB2AC1D93927400EB50B3 /* AFNHTTPRequestSevices */ = {
			isa = PBXGroup;
			children = (
				7E6FB2B01D93989800EB50B3 /* OYEAppClient.h */,
				7E6FB2B11D93989800EB50B3 /* OYEAppClient.m */,
				7E6FB2BD1D93B97E00EB50B3 /* OYEUploadParam.h */,
				7E6FB2BE1D93B97E00EB50B3 /* OYEUploadParam.m */,
				7E6FB2B31D9398FB00EB50B3 /* OYEHTTPSession.h */,
				7E6FB2B41D9398FB00EB50B3 /* OYEHTTPSession.m */,
			);
			path = AFNHTTPRequestSevices;
			sourceTree = "<group>";
		};
		7E6FB2B61D93A01900EB50B3 /* HTTPSessionSevices */ = {
			isa = PBXGroup;
			children = (
				7E6FB2B71D93A03800EB50B3 /* UploadParam.h */,
				7E6FB2B81D93A03800EB50B3 /* UploadParam.m */,
				7E6FB2BA1D93A33600EB50B3 /* OYEHttpRequest.h */,
				7E6FB2BB1D93A33600EB50B3 /* OYEHttpRequest.m */,
			);
			path = HTTPSessionSevices;
			sourceTree = "<group>";
		};
		7E718BD31D9381B400CA1A46 /* MJExtension */ = {
			isa = PBXGroup;
			children = (
				7E718BD41D9381B400CA1A46 /* Info.plist */,
				7E718BD51D9381B400CA1A46 /* MJExtension.h */,
				7E718BD61D9381B400CA1A46 /* MJExtensionConst.h */,
				7E718BD71D9381B400CA1A46 /* MJExtensionConst.m */,
				7E718BD81D9381B400CA1A46 /* MJFoundation.h */,
				7E718BD91D9381B400CA1A46 /* MJFoundation.m */,
				7E718BDA1D9381B400CA1A46 /* MJProperty.h */,
				7E718BDB1D9381B400CA1A46 /* MJProperty.m */,
				7E718BDC1D9381B400CA1A46 /* MJPropertyKey.h */,
				7E718BDD1D9381B400CA1A46 /* MJPropertyKey.m */,
				7E718BDE1D9381B400CA1A46 /* MJPropertyType.h */,
				7E718BDF1D9381B400CA1A46 /* MJPropertyType.m */,
				7E718BE01D9381B400CA1A46 /* NSObject+MJClass.h */,
				7E718BE11D9381B400CA1A46 /* NSObject+MJClass.m */,
				7E718BE21D9381B400CA1A46 /* NSObject+MJCoding.h */,
				7E718BE31D9381B400CA1A46 /* NSObject+MJCoding.m */,
				7E718BE41D9381B400CA1A46 /* NSObject+MJKeyValue.h */,
				7E718BE51D9381B400CA1A46 /* NSObject+MJKeyValue.m */,
				7E718BE61D9381B400CA1A46 /* NSObject+MJProperty.h */,
				7E718BE71D9381B400CA1A46 /* NSObject+MJProperty.m */,
				7E718BE81D9381B400CA1A46 /* NSString+MJExtension.h */,
				7E718BE91D9381B400CA1A46 /* NSString+MJExtension.m */,
			);
			path = MJExtension;
			sourceTree = "<group>";
		};
		7EF6B90F1D928AAD0030BCE1 = {
			isa = PBXGroup;
			children = (
				7EF6B91A1D928AAD0030BCE1 /* recognize */,
				7EF6B9341D928AAD0030BCE1 /* recognizeTests */,
				7EF6B93F1D928AAD0030BCE1 /* recognizeUITests */,
				7EF6B9191D928AAD0030BCE1 /* Products */,
				C58CECE850BDAC2590A9B003 /* Pods */,
				00711CBFD1CEBF7B2F7D3F75 /* Frameworks */,
			);
			sourceTree = "<group>";
		};
		7EF6B9191D928AAD0030BCE1 /* Products */ = {
			isa = PBXGroup;
			children = (
				7EF6B9181D928AAD0030BCE1 /* recognize.app */,
				7EF6B9311D928AAD0030BCE1 /* recognizeTests.xctest */,
				7EF6B93C1D928AAD0030BCE1 /* recognizeUITests.xctest */,
			);
			name = Products;
			sourceTree = "<group>";
		};
		7EF6B91A1D928AAD0030BCE1 /* recognize */ = {
			isa = PBXGroup;
			children = (
				7E6FB2B61D93A01900EB50B3 /* HTTPSessionSevices */,
				7E6FB2AC1D93927400EB50B3 /* AFNHTTPRequestSevices */,
				7E718BD31D9381B400CA1A46 /* MJExtension */,
				7EF6B91E1D928AAD0030BCE1 /* AppDelegate.h */,
				7EF6B91F1D928AAD0030BCE1 /* AppDelegate.m */,
				7E0671B21D93853400DF1D58 /* iconModel.h */,
				7E0671B31D93853400DF1D58 /* iconModel.m */,
				7E0671B51D93872800DF1D58 /* imageModel.h */,
				7E0671B61D93872800DF1D58 /* imageModel.m */,
				7EF6B9211D928AAD0030BCE1 /* ViewController.h */,
				7EF6B9221D928AAD0030BCE1 /* ViewController.m */,
				7EF6B9241D928AAD0030BCE1 /* Main.storyboard */,
				7EF6B9271D928AAD0030BCE1 /* Assets.xcassets */,
				7EF6B9291D928AAD0030BCE1 /* LaunchScreen.storyboard */,
				7EF6B92C1D928AAD0030BCE1 /* Info.plist */,
				7EF6B91B1D928AAD0030BCE1 /* Supporting Files */,
			);
			path = recognize;
			sourceTree = "<group>";
		};
		7EF6B91B1D928AAD0030BCE1 /* Supporting Files */ = {
			isa = PBXGroup;
			children = (
				7EF6B91C1D928AAD0030BCE1 /* main.m */,
			);
			name = "Supporting Files";
			sourceTree = "<group>";
		};
		7EF6B9341D928AAD0030BCE1 /* recognizeTests */ = {
			isa = PBXGroup;
			children = (
				7EF6B9351D928AAD0030BCE1 /* recognizeTests.m */,
				7EF6B9371D928AAD0030BCE1 /* Info.plist */,
			);
			path = recognizeTests;
			sourceTree = "<group>";
		};
		7EF6B93F1D928AAD0030BCE1 /* recognizeUITests */ = {
			isa = PBXGroup;
			children = (
				7EF6B9401D928AAD0030BCE1 /* recognizeUITests.m */,
				7EF6B9421D928AAD0030BCE1 /* Info.plist */,
			);
			path = recognizeUITests;
			sourceTree = "<group>";
		};
		C58CECE850BDAC2590A9B003 /* Pods */ = {
			isa = PBXGroup;
			children = (
				43727A87BE75E2EC0C1552E0 /* Pods-recognize.debug.xcconfig */,
				D9D49FB4DC8A370CC0DDD4DD /* Pods-recognize.release.xcconfig */,
			);
			name = Pods;
			sourceTree = "<group>";
		};
/* End PBXGroup section */

/* Begin PBXNativeTarget section */
		7EF6B9171D928AAD0030BCE1 /* recognize */ = {
			isa = PBXNativeTarget;
			buildConfigurationList = 7EF6B9451D928AAD0030BCE1 /* Build configuration list for PBXNativeTarget "recognize" */;
			buildPhases = (
				A3D97F4436C60E6D709F6A35 /* 📦 Check Pods Manifest.lock */,
				7EF6B9141D928AAD0030BCE1 /* Sources */,
				7EF6B9151D928AAD0030BCE1 /* Frameworks */,
				7EF6B9161D928AAD0030BCE1 /* Resources */,
				B53A17305240FBF7847BE490 /* 📦 Embed Pods Frameworks */,
				E6A5194909FB7E8E49C54173 /* 📦 Copy Pods Resources */,
			);
			buildRules = (
			);
			dependencies = (
			);
			name = recognize;
			productName = recognize;
			productReference = 7EF6B9181D928AAD0030BCE1 /* recognize.app */;
			productType = "com.apple.product-type.application";
		};
		7EF6B9301D928AAD0030BCE1 /* recognizeTests */ = {
			isa = PBXNativeTarget;
			buildConfigurationList = 7EF6B9481D928AAD0030BCE1 /* Build configuration list for PBXNativeTarget "recognizeTests" */;
			buildPhases = (
				7EF6B92D1D928AAD0030BCE1 /* Sources */,
				7EF6B92E1D928AAD0030BCE1 /* Frameworks */,
				7EF6B92F1D928AAD0030BCE1 /* Resources */,
			);
			buildRules = (
			);
			dependencies = (
				7EF6B9331D928AAD0030BCE1 /* PBXTargetDependency */,
			);
			name = recognizeTests;
			productName = recognizeTests;
			productReference = 7EF6B9311D928AAD0030BCE1 /* recognizeTests.xctest */;
			productType = "com.apple.product-type.bundle.unit-test";
		};
		7EF6B93B1D928AAD0030BCE1 /* recognizeUITests */ = {
			isa = PBXNativeTarget;
			buildConfigurationList = 7EF6B94B1D928AAD0030BCE1 /* Build configuration list for PBXNativeTarget "recognizeUITests" */;
			buildPhases = (
				7EF6B9381D928AAD0030BCE1 /* Sources */,
				7EF6B9391D928AAD0030BCE1 /* Frameworks */,
				7EF6B93A1D928AAD0030BCE1 /* Resources */,
			);
			buildRules = (
			);
			dependencies = (
				7EF6B93E1D928AAD0030BCE1 /* PBXTargetDependency */,
			);
			name = recognizeUITests;
			productName = recognizeUITests;
			productReference = 7EF6B93C1D928AAD0030BCE1 /* recognizeUITests.xctest */;
			productType = "com.apple.product-type.bundle.ui-testing";
		};
/* End PBXNativeTarget section */

/* Begin PBXProject section */
		7EF6B9101D928AAD0030BCE1 /* Project object */ = {
			isa = PBXProject;
			attributes = {
				LastUpgradeCheck = 0720;
				ORGANIZATIONNAME = wenguoli;
				TargetAttributes = {
					7EF6B9171D928AAD0030BCE1 = {
						CreatedOnToolsVersion = 7.2;
					};
					7EF6B9301D928AAD0030BCE1 = {
						CreatedOnToolsVersion = 7.2;
						TestTargetID = 7EF6B9171D928AAD0030BCE1;
					};
					7EF6B93B1D928AAD0030BCE1 = {
						CreatedOnToolsVersion = 7.2;
						TestTargetID = 7EF6B9171D928AAD0030BCE1;
					};
				};
			};
			buildConfigurationList = 7EF6B9131D928AAD0030BCE1 /* Build configuration list for PBXProject "recognize" */;
			compatibilityVersion = "Xcode 3.2";
			developmentRegion = English;
			hasScannedForEncodings = 0;
			knownRegions = (
				en,
				Base,
			);
			mainGroup = 7EF6B90F1D928AAD0030BCE1;
			productRefGroup = 7EF6B9191D928AAD0030BCE1 /* Products */;
			projectDirPath = "";
			projectRoot = "";
			targets = (
				7EF6B9171D928AAD0030BCE1 /* recognize */,
				7EF6B9301D928AAD0030BCE1 /* recognizeTests */,
				7EF6B93B1D928AAD0030BCE1 /* recognizeUITests */,
			);
		};
/* End PBXProject section */

/* Begin PBXResourcesBuildPhase section */
		7EF6B9161D928AAD0030BCE1 /* Resources */ = {
			isa = PBXResourcesBuildPhase;
			buildActionMask = 2147483647;
			files = (
				7E718BEA1D9381B400CA1A46 /* Info.plist in Resources */,
				7EF6B92B1D928AAD0030BCE1 /* LaunchScreen.storyboard in Resources */,
				7EF6B9281D928AAD0030BCE1 /* Assets.xcassets in Resources */,
				7EF6B9261D928AAD0030BCE1 /* Main.storyboard in Resources */,
			);
			runOnlyForDeploymentPostprocessing = 0;
		};
		7EF6B92F1D928AAD0030BCE1 /* Resources */ = {
			isa = PBXResourcesBuildPhase;
			buildActionMask = 2147483647;
			files = (
			);
			runOnlyForDeploymentPostprocessing = 0;
		};
		7EF6B93A1D928AAD0030BCE1 /* Resources */ = {
			isa = PBXResourcesBuildPhase;
			buildActionMask = 2147483647;
			files = (
			);
			runOnlyForDeploymentPostprocessing = 0;
		};
/* End PBXResourcesBuildPhase section */

/* Begin PBXShellScriptBuildPhase section */
		A3D97F4436C60E6D709F6A35 /* 📦 Check Pods Manifest.lock */ = {
			isa = PBXShellScriptBuildPhase;
			buildActionMask = 2147483647;
			files = (
			);
			inputPaths = (
			);
			name = "📦 Check Pods Manifest.lock";
			outputPaths = (
			);
			runOnlyForDeploymentPostprocessing = 0;
			shellPath = /bin/sh;
			shellScript = "diff \"${PODS_ROOT}/../Podfile.lock\" \"${PODS_ROOT}/Manifest.lock\" > /dev/null\nif [[ $? != 0 ]] ; then\n    cat << EOM\nerror: The sandbox is not in sync with the Podfile.lock. Run 'pod install' or update your CocoaPods installation.\nEOM\n    exit 1\nfi\n";
			showEnvVarsInLog = 0;
		};
		B53A17305240FBF7847BE490 /* 📦 Embed Pods Frameworks */ = {
			isa = PBXShellScriptBuildPhase;
			buildActionMask = 2147483647;
			files = (
			);
			inputPaths = (
			);
			name = "📦 Embed Pods Frameworks";
			outputPaths = (
			);
			runOnlyForDeploymentPostprocessing = 0;
			shellPath = /bin/sh;
			shellScript = "\"${SRCROOT}/Pods/Target Support Files/Pods-recognize/Pods-recognize-frameworks.sh\"\n";
			showEnvVarsInLog = 0;
		};
		E6A5194909FB7E8E49C54173 /* 📦 Copy Pods Resources */ = {
			isa = PBXShellScriptBuildPhase;
			buildActionMask = 2147483647;
			files = (
			);
			inputPaths = (
			);
			name = "📦 Copy Pods Resources";
			outputPaths = (
			);
			runOnlyForDeploymentPostprocessing = 0;
			shellPath = /bin/sh;
			shellScript = "\"${SRCROOT}/Pods/Target Support Files/Pods-recognize/Pods-recognize-resources.sh\"\n";
			showEnvVarsInLog = 0;
		};
/* End PBXShellScriptBuildPhase section */

/* Begin PBXSourcesBuildPhase section */
		7EF6B9141D928AAD0030BCE1 /* Sources */ = {
			isa = PBXSourcesBuildPhase;
			buildActionMask = 2147483647;
			files = (
				7E6FB2B51D9398FB00EB50B3 /* OYEHTTPSession.m in Sources */,
				7E6FB2BC1D93A33600EB50B3 /* OYEHttpRequest.m in Sources */,
				7E718BF01D9381B400CA1A46 /* NSObject+MJClass.m in Sources */,
				7E0671B71D93872800DF1D58 /* imageModel.m in Sources */,
				7E718BEB1D9381B400CA1A46 /* MJExtensionConst.m in Sources */,
				7E718BEF1D9381B400CA1A46 /* MJPropertyType.m in Sources */,
				7E718BEE1D9381B400CA1A46 /* MJPropertyKey.m in Sources */,
				7E718BF21D9381B400CA1A46 /* NSObject+MJKeyValue.m in Sources */,
				7E718BF11D9381B400CA1A46 /* NSObject+MJCoding.m in Sources */,
				7E6FB2B91D93A03800EB50B3 /* UploadParam.m in Sources */,
				7E718BF41D9381B400CA1A46 /* NSString+MJExtension.m in Sources */,
				7E718BED1D9381B400CA1A46 /* MJProperty.m in Sources */,
				7E6FB2B21D93989800EB50B3 /* OYEAppClient.m in Sources */,
				7E0671B41D93853400DF1D58 /* iconModel.m in Sources */,
				7E718BF31D9381B400CA1A46 /* NSObject+MJProperty.m in Sources */,
				7EF6B9231D928AAD0030BCE1 /* ViewController.m in Sources */,
				7EF6B9201D928AAD0030BCE1 /* AppDelegate.m in Sources */,
				7E718BEC1D9381B400CA1A46 /* MJFoundation.m in Sources */,
				7E6FB2BF1D93B97E00EB50B3 /* OYEUploadParam.m in Sources */,
				7EF6B91D1D928AAD0030BCE1 /* main.m in Sources */,
			);
			runOnlyForDeploymentPostprocessing = 0;
		};
		7EF6B92D1D928AAD0030BCE1 /* Sources */ = {
			isa = PBXSourcesBuildPhase;
			buildActionMask = 2147483647;
			files = (
				7EF6B9361D928AAD0030BCE1 /* recognizeTests.m in Sources */,
			);
			runOnlyForDeploymentPostprocessing = 0;
		};
		7EF6B9381D928AAD0030BCE1 /* Sources */ = {
			isa = PBXSourcesBuildPhase;
			buildActionMask = 2147483647;
			files = (
				7EF6B9411D928AAD0030BCE1 /* recognizeUITests.m in Sources */,
			);
			runOnlyForDeploymentPostprocessing = 0;
		};
/* End PBXSourcesBuildPhase section */

/* Begin PBXTargetDependency section */
		7EF6B9331D928AAD0030BCE1 /* PBXTargetDependency */ = {
			isa = PBXTargetDependency;
			target = 7EF6B9171D928AAD0030BCE1 /* recognize */;
			targetProxy = 7EF6B9321D928AAD0030BCE1 /* PBXContainerItemProxy */;
		};
		7EF6B93E1D928AAD0030BCE1 /* PBXTargetDependency */ = {
			isa = PBXTargetDependency;
			target = 7EF6B9171D928AAD0030BCE1 /* recognize */;
			targetProxy = 7EF6B93D1D928AAD0030BCE1 /* PBXContainerItemProxy */;
		};
/* End PBXTargetDependency section */

/* Begin PBXVariantGroup section */
		7EF6B9241D928AAD0030BCE1 /* Main.storyboard */ = {
			isa = PBXVariantGroup;
			children = (
				7EF6B9251D928AAD0030BCE1 /* Base */,
			);
			name = Main.storyboard;
			sourceTree = "<group>";
		};
		7EF6B9291D928AAD0030BCE1 /* LaunchScreen.storyboard */ = {
			isa = PBXVariantGroup;
			children = (
				7EF6B92A1D928AAD0030BCE1 /* Base */,
			);
			name = LaunchScreen.storyboard;
			sourceTree = "<group>";
		};
/* End PBXVariantGroup section */

/* Begin XCBuildConfiguration section */
		7EF6B9431D928AAD0030BCE1 /* Debug */ = {
			isa = XCBuildConfiguration;
			buildSettings = {
				ALWAYS_SEARCH_USER_PATHS = NO;
				CLANG_CXX_LANGUAGE_STANDARD = "gnu++0x";
				CLANG_CXX_LIBRARY = "libc++";
				CLANG_ENABLE_MODULES = YES;
				CLANG_ENABLE_OBJC_ARC = YES;
				CLANG_WARN_BOOL_CONVERSION = YES;
				CLANG_WARN_CONSTANT_CONVERSION = YES;
				CLANG_WARN_DIRECT_OBJC_ISA_USAGE = YES_ERROR;
				CLANG_WARN_EMPTY_BODY = YES;
				CLANG_WARN_ENUM_CONVERSION = YES;
				CLANG_WARN_INT_CONVERSION = YES;
				CLANG_WARN_OBJC_ROOT_CLASS = YES_ERROR;
				CLANG_WARN_UNREACHABLE_CODE = YES;
				CLANG_WARN__DUPLICATE_METHOD_MATCH = YES;
				"CODE_SIGN_IDENTITY[sdk=iphoneos*]" = "iPhone Developer";
				COPY_PHASE_STRIP = NO;
				DEBUG_INFORMATION_FORMAT = dwarf;
				ENABLE_STRICT_OBJC_MSGSEND = YES;
				ENABLE_TESTABILITY = YES;
				GCC_C_LANGUAGE_STANDARD = gnu99;
				GCC_DYNAMIC_NO_PIC = NO;
				GCC_NO_COMMON_BLOCKS = YES;
				GCC_OPTIMIZATION_LEVEL = 0;
				GCC_PREPROCESSOR_DEFINITIONS = (
					"DEBUG=1",
					"$(inherited)",
				);
				GCC_WARN_64_TO_32_BIT_CONVERSION = YES;
				GCC_WARN_ABOUT_RETURN_TYPE = YES_ERROR;
				GCC_WARN_UNDECLARED_SELECTOR = YES;
				GCC_WARN_UNINITIALIZED_AUTOS = YES_AGGRESSIVE;
				GCC_WARN_UNUSED_FUNCTION = YES;
				GCC_WARN_UNUSED_VARIABLE = YES;
				IPHONEOS_DEPLOYMENT_TARGET = 9.2;
				MTL_ENABLE_DEBUG_INFO = YES;
				ONLY_ACTIVE_ARCH = YES;
				SDKROOT = iphoneos;
			};
			name = Debug;
		};
		7EF6B9441D928AAD0030BCE1 /* Release */ = {
			isa = XCBuildConfiguration;
			buildSettings = {
				ALWAYS_SEARCH_USER_PATHS = NO;
				CLANG_CXX_LANGUAGE_STANDARD = "gnu++0x";
				CLANG_CXX_LIBRARY = "libc++";
				CLANG_ENABLE_MODULES = YES;
				CLANG_ENABLE_OBJC_ARC = YES;
				CLANG_WARN_BOOL_CONVERSION = YES;
				CLANG_WARN_CONSTANT_CONVERSION = YES;
				CLANG_WARN_DIRECT_OBJC_ISA_USAGE = YES_ERROR;
				CLANG_WARN_EMPTY_BODY = YES;
				CLANG_WARN_ENUM_CONVERSION = YES;
				CLANG_WARN_INT_CONVERSION = YES;
				CLANG_WARN_OBJC_ROOT_CLASS = YES_ERROR;
				CLANG_WARN_UNREACHABLE_CODE = YES;
				CLANG_WARN__DUPLICATE_METHOD_MATCH = YES;
				"CODE_SIGN_IDENTITY[sdk=iphoneos*]" = "iPhone Developer";
				COPY_PHASE_STRIP = NO;
				DEBUG_INFORMATION_FORMAT = "dwarf-with-dsym";
				ENABLE_NS_ASSERTIONS = NO;
				ENABLE_STRICT_OBJC_MSGSEND = YES;
				GCC_C_LANGUAGE_STANDARD = gnu99;
				GCC_NO_COMMON_BLOCKS = YES;
				GCC_WARN_64_TO_32_BIT_CONVERSION = YES;
				GCC_WARN_ABOUT_RETURN_TYPE = YES_ERROR;
				GCC_WARN_UNDECLARED_SELECTOR = YES;
				GCC_WARN_UNINITIALIZED_AUTOS = YES_AGGRESSIVE;
				GCC_WARN_UNUSED_FUNCTION = YES;
				GCC_WARN_UNUSED_VARIABLE = YES;
				IPHONEOS_DEPLOYMENT_TARGET = 9.2;
				MTL_ENABLE_DEBUG_INFO = NO;
				SDKROOT = iphoneos;
				VALIDATE_PRODUCT = YES;
			};
			name = Release;
		};
		7EF6B9461D928AAD0030BCE1 /* Debug */ = {
			isa = XCBuildConfiguration;
			baseConfigurationReference = 43727A87BE75E2EC0C1552E0 /* Pods-recognize.debug.xcconfig */;
			buildSettings = {
				ASSETCATALOG_COMPILER_APPICON_NAME = AppIcon;
				INFOPLIST_FILE = recognize/Info.plist;
				LD_RUNPATH_SEARCH_PATHS = "$(inherited) @executable_path/Frameworks";
				PRODUCT_BUNDLE_IDENTIFIER = com.yunzanxiaoyuan.recognize;
				PRODUCT_NAME = "$(TARGET_NAME)";
			};
			name = Debug;
		};
		7EF6B9471D928AAD0030BCE1 /* Release */ = {
			isa = XCBuildConfiguration;
			baseConfigurationReference = D9D49FB4DC8A370CC0DDD4DD /* Pods-recognize.release.xcconfig */;
			buildSettings = {
				ASSETCATALOG_COMPILER_APPICON_NAME = AppIcon;
				INFOPLIST_FILE = recognize/Info.plist;
				LD_RUNPATH_SEARCH_PATHS = "$(inherited) @executable_path/Frameworks";
				PRODUCT_BUNDLE_IDENTIFIER = com.yunzanxiaoyuan.recognize;
				PRODUCT_NAME = "$(TARGET_NAME)";
			};
			name = Release;
		};
		7EF6B9491D928AAD0030BCE1 /* Debug */ = {
			isa = XCBuildConfiguration;
			buildSettings = {
				BUNDLE_LOADER = "$(TEST_HOST)";
				INFOPLIST_FILE = recognizeTests/Info.plist;
				LD_RUNPATH_SEARCH_PATHS = "$(inherited) @executable_path/Frameworks @loader_path/Frameworks";
				PRODUCT_BUNDLE_IDENTIFIER = com.yunzanxiaoyuan.recognizeTests;
				PRODUCT_NAME = "$(TARGET_NAME)";
				TEST_HOST = "$(BUILT_PRODUCTS_DIR)/recognize.app/recognize";
			};
			name = Debug;
		};
		7EF6B94A1D928AAD0030BCE1 /* Release */ = {
			isa = XCBuildConfiguration;
			buildSettings = {
				BUNDLE_LOADER = "$(TEST_HOST)";
				INFOPLIST_FILE = recognizeTests/Info.plist;
				LD_RUNPATH_SEARCH_PATHS = "$(inherited) @executable_path/Frameworks @loader_path/Frameworks";
				PRODUCT_BUNDLE_IDENTIFIER = com.yunzanxiaoyuan.recognizeTests;
				PRODUCT_NAME = "$(TARGET_NAME)";
				TEST_HOST = "$(BUILT_PRODUCTS_DIR)/recognize.app/recognize";
			};
			name = Release;
		};
		7EF6B94C1D928AAD0030BCE1 /* Debug */ = {
			isa = XCBuildConfiguration;
			buildSettings = {
				INFOPLIST_FILE = recognizeUITests/Info.plist;
				LD_RUNPATH_SEARCH_PATHS = "$(inherited) @executable_path/Frameworks @loader_path/Frameworks";
				PRODUCT_BUNDLE_IDENTIFIER = com.yunzanxiaoyuan.recognizeUITests;
				PRODUCT_NAME = "$(TARGET_NAME)";
				TEST_TARGET_NAME = recognize;
				USES_XCTRUNNER = YES;
			};
			name = Debug;
		};
		7EF6B94D1D928AAD0030BCE1 /* Release */ = {
			isa = XCBuildConfiguration;
			buildSettings = {
				INFOPLIST_FILE = recognizeUITests/Info.plist;
				LD_RUNPATH_SEARCH_PATHS = "$(inherited) @executable_path/Frameworks @loader_path/Frameworks";
				PRODUCT_BUNDLE_IDENTIFIER = com.yunzanxiaoyuan.recognizeUITests;
				PRODUCT_NAME = "$(TARGET_NAME)";
				TEST_TARGET_NAME = recognize;
				USES_XCTRUNNER = YES;
			};
			name = Release;
		};
/* End XCBuildConfiguration section */

/* Begin XCConfigurationList section */
		7EF6B9131D928AAD0030BCE1 /* Build configuration list for PBXProject "recognize" */ = {
			isa = XCConfigurationList;
			buildConfigurations = (
				7EF6B9431D928AAD0030BCE1 /* Debug */,
				7EF6B9441D928AAD0030BCE1 /* Release */,
			);
			defaultConfigurationIsVisible = 0;
			defaultConfigurationName = Release;
		};
		7EF6B9451D928AAD0030BCE1 /* Build configuration list for PBXNativeTarget "recognize" */ = {
			isa = XCConfigurationList;
			buildConfigurations = (
				7EF6B9461D928AAD0030BCE1 /* Debug */,
				7EF6B9471D928AAD0030BCE1 /* Release */,
			);
			defaultConfigurationIsVisible = 0;
			defaultConfigurationName = Release;
		};
		7EF6B9481D928AAD0030BCE1 /* Build configuration list for PBXNativeTarget "recognizeTests" */ = {
			isa = XCConfigurationList;
			buildConfigurations = (
				7EF6B9491D928AAD0030BCE1 /* Debug */,
				7EF6B94A1D928AAD0030BCE1 /* Release */,
			);
			defaultConfigurationIsVisible = 0;
			defaultConfigurationName = Release;
		};
		7EF6B94B1D928AAD0030BCE1 /* Build configuration list for PBXNativeTarget "recognizeUITests" */ = {
			isa = XCConfigurationList;
			buildConfigurations = (
				7EF6B94C1D928AAD0030BCE1 /* Debug */,
				7EF6B94D1D928AAD0030BCE1 /* Release */,
			);
			defaultConfigurationIsVisible = 0;
			defaultConfigurationName = Release;
		};
/* End XCConfigurationList section */
	};
	rootObject = 7EF6B9101D928AAD0030BCE1 /* Project object */;
}
